// !$*UTF8*$!
{
	archiveVersion = 1;
	classes = {
	};
	objectVersion = 46;
	objects = {

/* Begin PBXBuildFile section */
		6D5A86AE19AE5C710066C1FD /* Cocoa.framework in Frameworks */ = {isa = PBXBuildFile; fileRef = 6D5A86AD19AE5C710066C1FD /* Cocoa.framework */; };
		6D5A86B819AE5C710066C1FD /* InfoPlist.strings in Resources */ = {isa = PBXBuildFile; fileRef = 6D5A86B619AE5C710066C1FD /* InfoPlist.strings */; };
		6D5A86BA19AE5C710066C1FD /* main.cpp in Sources */ = {isa = PBXBuildFile; fileRef = 6D5A86B919AE5C710066C1FD /* main.cpp */; };
		6D5A86BE19AE5C710066C1FD /* Credits.rtf in Resources */ = {isa = PBXBuildFile; fileRef = 6D5A86BC19AE5C710066C1FD /* Credits.rtf */; };
		6D5A86C619AE5C710066C1FD /* Images.xcassets in Resources */ = {isa = PBXBuildFile; fileRef = 6D5A86C519AE5C710066C1FD /* Images.xcassets */; };
		6D5A86E319AE5CD10066C1FD /* SDL2.framework in Frameworks */ = {isa = PBXBuildFile; fileRef = 6D5A86E219AE5CD10066C1FD /* SDL2.framework */; };
		6D5AC2D019AE6280004CB1BF /* OpenGL.framework in Frameworks */ = {isa = PBXBuildFile; fileRef = 6D5AC2CF19AE6280004CB1BF /* OpenGL.framework */; };
		6D5AC2D219AE6A1E004CB1BF /* SDL2_image.framework in Frameworks */ = {isa = PBXBuildFile; fileRef = 6D5AC2D119AE6A1E004CB1BF /* SDL2_image.framework */; };
		6DC7076A1BA7273500225B7D /* vertex_textured.glsl in Resources */ = {isa = PBXBuildFile; fileRef = 6DC707691BA7273500225B7D /* vertex_textured.glsl */; };
		6DE9D2F11BA6AB8C002D599C /* fragment_textured.glsl in Resources */ = {isa = PBXBuildFile; fileRef = 6DE9D2F01BA6AB8C002D599C /* fragment_textured.glsl */; };
		6DEF23C11B96CC2600BCE792 /* fragment.glsl in Resources */ = {isa = PBXBuildFile; fileRef = 6DEF23BB1B96CC2600BCE792 /* fragment.glsl */; };
		6DEF23C31B96CC2600BCE792 /* ShaderProgram.cpp in Sources */ = {isa = PBXBuildFile; fileRef = 6DEF23BE1B96CC2600BCE792 /* ShaderProgram.cpp */; };
		6DEF23C41B96CC2600BCE792 /* vertex.glsl in Resources */ = {isa = PBXBuildFile; fileRef = 6DEF23C01B96CC2600BCE792 /* vertex.glsl */; };
		CF4037062289177300420A43 /* combat.xml in Resources */ = {isa = PBXBuildFile; fileRef = CF4037042289177300420A43 /* combat.xml */; };
		CF40370822891C3900420A43 /* combat.png in Resources */ = {isa = PBXBuildFile; fileRef = CF40370722891C3900420A43 /* combat.png */; };
		CF40370C22892D6D00420A43 /* sprites.png in Resources */ = {isa = PBXBuildFile; fileRef = CF40370B22892D6D00420A43 /* sprites.png */; };
		CF40370F2289B34D00420A43 /* SatCollision.cpp in Sources */ = {isa = PBXBuildFile; fileRef = CF40370D2289B34D00420A43 /* SatCollision.cpp */; };
		CF5E3E27227F921D00440705 /* level1.txt in Resources */ = {isa = PBXBuildFile; fileRef = CF5E3E26227F921D00440705 /* level1.txt */; };
		CF5E3E29227F923A00440705 /* font2.png in Resources */ = {isa = PBXBuildFile; fileRef = CF5E3E28227F923900440705 /* font2.png */; };
		CF9F8F1A228B9F950097C976 /* level2.txt in Resources */ = {isa = PBXBuildFile; fileRef = CF9F8F19228B9F950097C976 /* level2.txt */; };
		CF9F8F1E228BAB500097C976 /* level3.txt in Resources */ = {isa = PBXBuildFile; fileRef = CF9F8F1D228BAB500097C976 /* level3.txt */; };
		CF9F8F22228BAC460097C976 /* map1.png in Resources */ = {isa = PBXBuildFile; fileRef = CF9F8F1F228BAC460097C976 /* map1.png */; };
		CF9F8F23228BAC460097C976 /* map2.png in Resources */ = {isa = PBXBuildFile; fileRef = CF9F8F20228BAC460097C976 /* map2.png */; };
		CF9F8F24228BAC460097C976 /* map3.png in Resources */ = {isa = PBXBuildFile; fileRef = CF9F8F21228BAC460097C976 /* map3.png */; };
		CF9F8F2A228BB3BB0097C976 /* SDL2_mixer.framework in Frameworks */ = {isa = PBXBuildFile; fileRef = CF9F8F29228BB3BB0097C976 /* SDL2_mixer.framework */; };
		CF9F8F32228BB99E0097C976 /* menuMusic.mp3 in Resources */ = {isa = PBXBuildFile; fileRef = CF9F8F31228BB99E0097C976 /* menuMusic.mp3 */; };
		CF9F8F34228BBB570097C976 /* gameMusic.mp3 in Resources */ = {isa = PBXBuildFile; fileRef = CF9F8F33228BBB570097C976 /* gameMusic.mp3 */; };
		CF9F8F38228BC2750097C976 /* test.wav in Resources */ = {isa = PBXBuildFile; fileRef = CF9F8F37228BC2750097C976 /* test.wav */; };
		CF9F8F3A228BC3220097C976 /* awpSound.wav in Resources */ = {isa = PBXBuildFile; fileRef = CF9F8F39228BC3220097C976 /* awpSound.wav */; };
		CF9F8F42228BDEB60097C976 /* character2.xml in Resources */ = {isa = PBXBuildFile; fileRef = CF9F8F40228BDEB60097C976 /* character2.xml */; };
		CF9F8F43228BDEB60097C976 /* character2.png in Resources */ = {isa = PBXBuildFile; fileRef = CF9F8F41228BDEB60097C976 /* character2.png */; };
		CFDF75AB2263FAD900FAF20D /* FlareMap.cpp in Sources */ = {isa = PBXBuildFile; fileRef = CFDF75A92263FAD800FAF20D /* FlareMap.cpp */; };
		CFDF75B5226420A900FAF20D /* minecraft_Sprite.png in Resources */ = {isa = PBXBuildFile; fileRef = CFDF75B3226420A900FAF20D /* minecraft_Sprite.png */; };
/* End PBXBuildFile section */

/* Begin PBXFileReference section */
		6D5A86AA19AE5C710066C1FD /* NYUCodebase.app */ = {isa = PBXFileReference; explicitFileType = wrapper.application; includeInIndex = 0; path = NYUCodebase.app; sourceTree = BUILT_PRODUCTS_DIR; };
		6D5A86AD19AE5C710066C1FD /* Cocoa.framework */ = {isa = PBXFileReference; lastKnownFileType = wrapper.framework; name = Cocoa.framework; path = System/Library/Frameworks/Cocoa.framework; sourceTree = SDKROOT; };
		6D5A86B019AE5C710066C1FD /* AppKit.framework */ = {isa = PBXFileReference; lastKnownFileType = wrapper.framework; name = AppKit.framework; path = System/Library/Frameworks/AppKit.framework; sourceTree = SDKROOT; };
		6D5A86B119AE5C710066C1FD /* CoreData.framework */ = {isa = PBXFileReference; lastKnownFileType = wrapper.framework; name = CoreData.framework; path = System/Library/Frameworks/CoreData.framework; sourceTree = SDKROOT; };
		6D5A86B219AE5C710066C1FD /* Foundation.framework */ = {isa = PBXFileReference; lastKnownFileType = wrapper.framework; name = Foundation.framework; path = System/Library/Frameworks/Foundation.framework; sourceTree = SDKROOT; };
		6D5A86B519AE5C710066C1FD /* NYUCodebase-Info.plist */ = {isa = PBXFileReference; lastKnownFileType = text.plist.xml; path = "NYUCodebase-Info.plist"; sourceTree = "<group>"; };
		6D5A86B719AE5C710066C1FD /* en */ = {isa = PBXFileReference; lastKnownFileType = text.plist.strings; name = en; path = en.lproj/InfoPlist.strings; sourceTree = "<group>"; };
		6D5A86B919AE5C710066C1FD /* main.cpp */ = {isa = PBXFileReference; lastKnownFileType = sourcecode.cpp.cpp; path = main.cpp; sourceTree = "<group>"; };
		6D5A86BD19AE5C710066C1FD /* en */ = {isa = PBXFileReference; lastKnownFileType = text.rtf; name = en; path = en.lproj/Credits.rtf; sourceTree = "<group>"; };
		6D5A86C519AE5C710066C1FD /* Images.xcassets */ = {isa = PBXFileReference; lastKnownFileType = folder.assetcatalog; path = Images.xcassets; sourceTree = "<group>"; };
		6D5A86E219AE5CD10066C1FD /* SDL2.framework */ = {isa = PBXFileReference; lastKnownFileType = wrapper.framework; name = SDL2.framework; path = ../../../../../../../../Library/Frameworks/SDL2.framework; sourceTree = "<group>"; };
		6D5AC2CF19AE6280004CB1BF /* OpenGL.framework */ = {isa = PBXFileReference; lastKnownFileType = wrapper.framework; name = OpenGL.framework; path = System/Library/Frameworks/OpenGL.framework; sourceTree = SDKROOT; };
		6D5AC2D119AE6A1E004CB1BF /* SDL2_image.framework */ = {isa = PBXFileReference; lastKnownFileType = wrapper.framework; name = SDL2_image.framework; path = ../../../../../../../../Library/Frameworks/SDL2_image.framework; sourceTree = "<group>"; };
		6DC707691BA7273500225B7D /* vertex_textured.glsl */ = {isa = PBXFileReference; fileEncoding = 4; lastKnownFileType = text; path = vertex_textured.glsl; sourceTree = "<group>"; };
		6DE9D2F01BA6AB8C002D599C /* fragment_textured.glsl */ = {isa = PBXFileReference; fileEncoding = 4; lastKnownFileType = text; path = fragment_textured.glsl; sourceTree = "<group>"; };
		6DEF23BB1B96CC2600BCE792 /* fragment.glsl */ = {isa = PBXFileReference; fileEncoding = 4; lastKnownFileType = text; path = fragment.glsl; sourceTree = "<group>"; };
		6DEF23BE1B96CC2600BCE792 /* ShaderProgram.cpp */ = {isa = PBXFileReference; fileEncoding = 4; lastKnownFileType = sourcecode.cpp.cpp; path = ShaderProgram.cpp; sourceTree = "<group>"; };
		6DEF23C01B96CC2600BCE792 /* vertex.glsl */ = {isa = PBXFileReference; fileEncoding = 4; lastKnownFileType = text; path = vertex.glsl; sourceTree = "<group>"; };
		CF4037042289177300420A43 /* combat.xml */ = {isa = PBXFileReference; fileEncoding = 4; lastKnownFileType = text.xml; path = combat.xml; sourceTree = "<group>"; };
		CF40370722891C3900420A43 /* combat.png */ = {isa = PBXFileReference; lastKnownFileType = image.png; path = combat.png; sourceTree = "<group>"; };
		CF40370B22892D6D00420A43 /* sprites.png */ = {isa = PBXFileReference; lastKnownFileType = image.png; path = sprites.png; sourceTree = "<group>"; };
		CF40370D2289B34D00420A43 /* SatCollision.cpp */ = {isa = PBXFileReference; fileEncoding = 4; lastKnownFileType = sourcecode.cpp.cpp; path = SatCollision.cpp; sourceTree = "<group>"; };
		CF40370E2289B34D00420A43 /* SatCollision.h */ = {isa = PBXFileReference; fileEncoding = 4; lastKnownFileType = sourcecode.c.h; path = SatCollision.h; sourceTree = "<group>"; };
		CF5E3E26227F921D00440705 /* level1.txt */ = {isa = PBXFileReference; fileEncoding = 4; lastKnownFileType = text; path = level1.txt; sourceTree = "<group>"; };
		CF5E3E28227F923900440705 /* font2.png */ = {isa = PBXFileReference; lastKnownFileType = image.png; path = font2.png; sourceTree = "<group>"; };
		CF9F8F19228B9F950097C976 /* level2.txt */ = {isa = PBXFileReference; fileEncoding = 4; lastKnownFileType = text; path = level2.txt; sourceTree = "<group>"; };
		CF9F8F1D228BAB500097C976 /* level3.txt */ = {isa = PBXFileReference; fileEncoding = 4; lastKnownFileType = text; name = level3.txt; path = ../../../Downloads/level3.txt; sourceTree = "<group>"; };
		CF9F8F1F228BAC460097C976 /* map1.png */ = {isa = PBXFileReference; lastKnownFileType = image.png; path = map1.png; sourceTree = "<group>"; };
		CF9F8F20228BAC460097C976 /* map2.png */ = {isa = PBXFileReference; lastKnownFileType = image.png; path = map2.png; sourceTree = "<group>"; };
		CF9F8F21228BAC460097C976 /* map3.png */ = {isa = PBXFileReference; lastKnownFileType = image.png; path = map3.png; sourceTree = "<group>"; };
		CF9F8F29228BB3BB0097C976 /* SDL2_mixer.framework */ = {isa = PBXFileReference; lastKnownFileType = wrapper.framework; name = SDL2_mixer.framework; path = ../../../../Library/Frameworks/SDL2_mixer.framework; sourceTree = "<group>"; };
		CF9F8F31228BB99E0097C976 /* menuMusic.mp3 */ = {isa = PBXFileReference; lastKnownFileType = audio.mp3; path = menuMusic.mp3; sourceTree = "<group>"; };
		CF9F8F33228BBB570097C976 /* gameMusic.mp3 */ = {isa = PBXFileReference; lastKnownFileType = audio.mp3; path = gameMusic.mp3; sourceTree = "<group>"; };
		CF9F8F37228BC2750097C976 /* test.wav */ = {isa = PBXFileReference; lastKnownFileType = audio.wav; path = test.wav; sourceTree = "<group>"; };
		CF9F8F39228BC3220097C976 /* awpSound.wav */ = {isa = PBXFileReference; lastKnownFileType = audio.wav; path = awpSound.wav; sourceTree = "<group>"; };
		CF9F8F40228BDEB60097C976 /* character2.xml */ = {isa = PBXFileReference; fileEncoding = 4; lastKnownFileType = text.xml; path = character2.xml; sourceTree = "<group>"; };
		CF9F8F41228BDEB60097C976 /* character2.png */ = {isa = PBXFileReference; lastKnownFileType = image.png; path = character2.png; sourceTree = "<group>"; };
		CFDF75A92263FAD800FAF20D /* FlareMap.cpp */ = {isa = PBXFileReference; fileEncoding = 4; lastKnownFileType = sourcecode.cpp.cpp; path = FlareMap.cpp; sourceTree = "<group>"; };
		CFDF75AA2263FAD900FAF20D /* FlareMap.h */ = {isa = PBXFileReference; fileEncoding = 4; lastKnownFileType = sourcecode.c.h; path = FlareMap.h; sourceTree = "<group>"; };
		CFDF75B3226420A900FAF20D /* minecraft_Sprite.png */ = {isa = PBXFileReference; lastKnownFileType = image.png; path = minecraft_Sprite.png; sourceTree = "<group>"; };
/* End PBXFileReference section */

/* Begin PBXFrameworksBuildPhase section */
		6D5A86A719AE5C710066C1FD /* Frameworks */ = {
			isa = PBXFrameworksBuildPhase;
			buildActionMask = 2147483647;
			files = (
				6D5AC2D019AE6280004CB1BF /* OpenGL.framework in Frameworks */,
				CF9F8F2A228BB3BB0097C976 /* SDL2_mixer.framework in Frameworks */,
				6D5A86AE19AE5C710066C1FD /* Cocoa.framework in Frameworks */,
				6D5A86E319AE5CD10066C1FD /* SDL2.framework in Frameworks */,
				6D5AC2D219AE6A1E004CB1BF /* SDL2_image.framework in Frameworks */,
			);
			runOnlyForDeploymentPostprocessing = 0;
		};
/* End PBXFrameworksBuildPhase section */

/* Begin PBXGroup section */
		6D5A86A119AE5C710066C1FD = {
			isa = PBXGroup;
			children = (
				6D5A86B319AE5C710066C1FD /* NYUCodebase */,
				6D5A86AC19AE5C710066C1FD /* Frameworks */,
				6D5A86AB19AE5C710066C1FD /* Products */,
			);
			sourceTree = "<group>";
		};
		6D5A86AB19AE5C710066C1FD /* Products */ = {
			isa = PBXGroup;
			children = (
				6D5A86AA19AE5C710066C1FD /* NYUCodebase.app */,
			);
			name = Products;
			sourceTree = "<group>";
		};
		6D5A86AC19AE5C710066C1FD /* Frameworks */ = {
			isa = PBXGroup;
			children = (
				CF9F8F29228BB3BB0097C976 /* SDL2_mixer.framework */,
				6D5AC2D119AE6A1E004CB1BF /* SDL2_image.framework */,
				6D5AC2CF19AE6280004CB1BF /* OpenGL.framework */,
				6D5A86E219AE5CD10066C1FD /* SDL2.framework */,
				6D5A86AD19AE5C710066C1FD /* Cocoa.framework */,
				6D5A86AF19AE5C710066C1FD /* Other Frameworks */,
			);
			name = Frameworks;
			sourceTree = "<group>";
		};
		6D5A86AF19AE5C710066C1FD /* Other Frameworks */ = {
			isa = PBXGroup;
			children = (
				6D5A86B019AE5C710066C1FD /* AppKit.framework */,
				6D5A86B119AE5C710066C1FD /* CoreData.framework */,
				6D5A86B219AE5C710066C1FD /* Foundation.framework */,
			);
			name = "Other Frameworks";
			sourceTree = "<group>";
		};
		6D5A86B319AE5C710066C1FD /* NYUCodebase */ = {
			isa = PBXGroup;
			children = (
				6D5A86E119AE5CAA0066C1FD /* Code */,
				6D5A86B419AE5C710066C1FD /* Supporting Files */,
			);
			path = NYUCodebase;
			sourceTree = "<group>";
		};
		6D5A86B419AE5C710066C1FD /* Supporting Files */ = {
			isa = PBXGroup;
			children = (
				6D5A86C519AE5C710066C1FD /* Images.xcassets */,
				6D5A86B519AE5C710066C1FD /* NYUCodebase-Info.plist */,
				6D5A86B619AE5C710066C1FD /* InfoPlist.strings */,
				6D5A86BC19AE5C710066C1FD /* Credits.rtf */,
			);
			name = "Supporting Files";
			sourceTree = "<group>";
		};
		6D5A86E119AE5CAA0066C1FD /* Code */ = {
			isa = PBXGroup;
			children = (
				6DEF23BB1B96CC2600BCE792 /* fragment.glsl */,
				6DE9D2F01BA6AB8C002D599C /* fragment_textured.glsl */,
				6DC707691BA7273500225B7D /* vertex_textured.glsl */,
				6DEF23BE1B96CC2600BCE792 /* ShaderProgram.cpp */,
				6DEF23C01B96CC2600BCE792 /* vertex.glsl */,
				CFDF75AA2263FAD900FAF20D /* FlareMap.h */,
				CFDF75A92263FAD800FAF20D /* FlareMap.cpp */,
				CFDF75B3226420A900FAF20D /* minecraft_Sprite.png */,
				CF5E3E26227F921D00440705 /* level1.txt */,
				CF40370722891C3900420A43 /* combat.png */,
				CF4037042289177300420A43 /* combat.xml */,
				CF9F8F41228BDEB60097C976 /* character2.png */,
				CF9F8F1D228BAB500097C976 /* level3.txt */,
				CF9F8F37228BC2750097C976 /* test.wav */,
				CF40370B22892D6D00420A43 /* sprites.png */,
				CF5E3E28227F923900440705 /* font2.png */,
				CF9F8F39228BC3220097C976 /* awpSound.wav */,
				CF9F8F33228BBB570097C976 /* gameMusic.mp3 */,
				CF40370D2289B34D00420A43 /* SatCollision.cpp */,
				CF9F8F31228BB99E0097C976 /* menuMusic.mp3 */,
				CF9F8F1F228BAC460097C976 /* map1.png */,
				CF9F8F20228BAC460097C976 /* map2.png */,
				CF9F8F21228BAC460097C976 /* map3.png */,
				CF9F8F19228B9F950097C976 /* level2.txt */,
				CF40370E2289B34D00420A43 /* SatCollision.h */,
				CF9F8F40228BDEB60097C976 /* character2.xml */,
				6D5A86B919AE5C710066C1FD /* main.cpp */,
			);
			name = Code;
			sourceTree = "<group>";
		};
/* End PBXGroup section */

/* Begin PBXNativeTarget section */
		6D5A86A919AE5C710066C1FD /* NYUCodebase */ = {
			isa = PBXNativeTarget;
			buildConfigurationList = 6D5A86DB19AE5C710066C1FD /* Build configuration list for PBXNativeTarget "NYUCodebase" */;
			buildPhases = (
				6D5A86A619AE5C710066C1FD /* Sources */,
				6D5A86A719AE5C710066C1FD /* Frameworks */,
				6D5A86A819AE5C710066C1FD /* Resources */,
			);
			buildRules = (
			);
			dependencies = (
			);
			name = NYUCodebase;
			productName = NYUCodebase;
			productReference = 6D5A86AA19AE5C710066C1FD /* NYUCodebase.app */;
			productType = "com.apple.product-type.application";
		};
/* End PBXNativeTarget section */

/* Begin PBXProject section */
		6D5A86A219AE5C710066C1FD /* Project object */ = {
			isa = PBXProject;
			attributes = {
				CLASSPREFIX = NYUCB;
				LastUpgradeCheck = 0510;
				ORGANIZATIONNAME = "Ivan Safrin";
			};
			buildConfigurationList = 6D5A86A519AE5C710066C1FD /* Build configuration list for PBXProject "NYUCodebase" */;
			compatibilityVersion = "Xcode 3.2";
			developmentRegion = English;
			hasScannedForEncodings = 0;
			knownRegions = (
				en,
				Base,
			);
			mainGroup = 6D5A86A119AE5C710066C1FD;
			productRefGroup = 6D5A86AB19AE5C710066C1FD /* Products */;
			projectDirPath = "";
			projectRoot = "";
			targets = (
				6D5A86A919AE5C710066C1FD /* NYUCodebase */,
			);
		};
/* End PBXProject section */

/* Begin PBXResourcesBuildPhase section */
		6D5A86A819AE5C710066C1FD /* Resources */ = {
			isa = PBXResourcesBuildPhase;
			buildActionMask = 2147483647;
			files = (
				CF5E3E29227F923A00440705 /* font2.png in Resources */,
				CF40370822891C3900420A43 /* combat.png in Resources */,
				CF9F8F38228BC2750097C976 /* test.wav in Resources */,
				CF9F8F24228BAC460097C976 /* map3.png in Resources */,
				CF5E3E27227F921D00440705 /* level1.txt in Resources */,
				CF9F8F1E228BAB500097C976 /* level3.txt in Resources */,
				6D5A86B819AE5C710066C1FD /* InfoPlist.strings in Resources */,
				CF9F8F42228BDEB60097C976 /* character2.xml in Resources */,
				6DEF23C11B96CC2600BCE792 /* fragment.glsl in Resources */,
				CF40370C22892D6D00420A43 /* sprites.png in Resources */,
				6DE9D2F11BA6AB8C002D599C /* fragment_textured.glsl in Resources */,
				CF4037062289177300420A43 /* combat.xml in Resources */,
				CF9F8F1A228B9F950097C976 /* level2.txt in Resources */,
				CF9F8F22228BAC460097C976 /* map1.png in Resources */,
				CF9F8F32228BB99E0097C976 /* menuMusic.mp3 in Resources */,
				6D5A86C619AE5C710066C1FD /* Images.xcassets in Resources */,
				CF9F8F43228BDEB60097C976 /* character2.png in Resources */,
				CF9F8F3A228BC3220097C976 /* awpSound.wav in Resources */,
				CF9F8F23228BAC460097C976 /* map2.png in Resources */,
				6D5A86BE19AE5C710066C1FD /* Credits.rtf in Resources */,
				6DEF23C41B96CC2600BCE792 /* vertex.glsl in Resources */,
				6DC7076A1BA7273500225B7D /* vertex_textured.glsl in Resources */,
				CF9F8F34228BBB570097C976 /* gameMusic.mp3 in Resources */,
				CFDF75B5226420A900FAF20D /* minecraft_Sprite.png in Resources */,
			);
			runOnlyForDeploymentPostprocessing = 0;
		};
/* End PBXResourcesBuildPhase section */

/* Begin PBXSourcesBuildPhase section */
		6D5A86A619AE5C710066C1FD /* Sources */ = {
			isa = PBXSourcesBuildPhase;
			buildActionMask = 2147483647;
			files = (
				6DEF23C31B96CC2600BCE792 /* ShaderProgram.cpp in Sources */,
				CF40370F2289B34D00420A43 /* SatCollision.cpp in Sources */,
				6D5A86BA19AE5C710066C1FD /* main.cpp in Sources */,
				CFDF75AB2263FAD900FAF20D /* FlareMap.cpp in Sources */,
			);
			runOnlyForDeploymentPostprocessing = 0;
		};
/* End PBXSourcesBuildPhase section */

/* Begin PBXVariantGroup section */
		6D5A86B619AE5C710066C1FD /* InfoPlist.strings */ = {
			isa = PBXVariantGroup;
			children = (
				6D5A86B719AE5C710066C1FD /* en */,
			);
			name = InfoPlist.strings;
			sourceTree = "<group>";
		};
		6D5A86BC19AE5C710066C1FD /* Credits.rtf */ = {
			isa = PBXVariantGroup;
			children = (
				6D5A86BD19AE5C710066C1FD /* en */,
			);
			name = Credits.rtf;
			sourceTree = "<group>";
		};
/* End PBXVariantGroup section */

/* Begin XCBuildConfiguration section */
		6D5A86D919AE5C710066C1FD /* Debug */ = {
			isa = XCBuildConfiguration;
			buildSettings = {
				ALWAYS_SEARCH_USER_PATHS = NO;
				CLANG_CXX_LANGUAGE_STANDARD = "gnu++0x";
				CLANG_CXX_LIBRARY = "libc++";
				CLANG_ENABLE_MODULES = YES;
				CLANG_ENABLE_OBJC_ARC = YES;
				CLANG_WARN_BOOL_CONVERSION = YES;
				CLANG_WARN_CONSTANT_CONVERSION = YES;
				CLANG_WARN_DIRECT_OBJC_ISA_USAGE = YES_ERROR;
				CLANG_WARN_EMPTY_BODY = YES;
				CLANG_WARN_ENUM_CONVERSION = YES;
				CLANG_WARN_INT_CONVERSION = YES;
				CLANG_WARN_OBJC_ROOT_CLASS = YES_ERROR;
				CLANG_WARN__DUPLICATE_METHOD_MATCH = YES;
				COPY_PHASE_STRIP = NO;
				GCC_C_LANGUAGE_STANDARD = gnu99;
				GCC_DYNAMIC_NO_PIC = NO;
				GCC_ENABLE_OBJC_EXCEPTIONS = YES;
				GCC_OPTIMIZATION_LEVEL = 0;
				GCC_PREPROCESSOR_DEFINITIONS = (
					"DEBUG=1",
					"$(inherited)",
				);
				GCC_SYMBOLS_PRIVATE_EXTERN = NO;
				GCC_WARN_64_TO_32_BIT_CONVERSION = YES;
				GCC_WARN_ABOUT_RETURN_TYPE = YES_ERROR;
				GCC_WARN_UNDECLARED_SELECTOR = YES;
				GCC_WARN_UNINITIALIZED_AUTOS = YES_AGGRESSIVE;
				GCC_WARN_UNUSED_FUNCTION = YES;
				GCC_WARN_UNUSED_VARIABLE = YES;
				MACOSX_DEPLOYMENT_TARGET = 10.9;
				ONLY_ACTIVE_ARCH = YES;
				SDKROOT = macosx;
			};
			name = Debug;
		};
		6D5A86DA19AE5C710066C1FD /* Release */ = {
			isa = XCBuildConfiguration;
			buildSettings = {
				ALWAYS_SEARCH_USER_PATHS = NO;
				CLANG_CXX_LANGUAGE_STANDARD = "gnu++0x";
				CLANG_CXX_LIBRARY = "libc++";
				CLANG_ENABLE_MODULES = YES;
				CLANG_ENABLE_OBJC_ARC = YES;
				CLANG_WARN_BOOL_CONVERSION = YES;
				CLANG_WARN_CONSTANT_CONVERSION = YES;
				CLANG_WARN_DIRECT_OBJC_ISA_USAGE = YES_ERROR;
				CLANG_WARN_EMPTY_BODY = YES;
				CLANG_WARN_ENUM_CONVERSION = YES;
				CLANG_WARN_INT_CONVERSION = YES;
				CLANG_WARN_OBJC_ROOT_CLASS = YES_ERROR;
				CLANG_WARN__DUPLICATE_METHOD_MATCH = YES;
				COPY_PHASE_STRIP = YES;
				DEBUG_INFORMATION_FORMAT = "dwarf-with-dsym";
				ENABLE_NS_ASSERTIONS = NO;
				GCC_C_LANGUAGE_STANDARD = gnu99;
				GCC_ENABLE_OBJC_EXCEPTIONS = YES;
				GCC_WARN_64_TO_32_BIT_CONVERSION = YES;
				GCC_WARN_ABOUT_RETURN_TYPE = YES_ERROR;
				GCC_WARN_UNDECLARED_SELECTOR = YES;
				GCC_WARN_UNINITIALIZED_AUTOS = YES_AGGRESSIVE;
				GCC_WARN_UNUSED_FUNCTION = YES;
				GCC_WARN_UNUSED_VARIABLE = YES;
				MACOSX_DEPLOYMENT_TARGET = 10.9;
				SDKROOT = macosx;
			};
			name = Release;
		};
		6D5A86DC19AE5C710066C1FD /* Debug */ = {
			isa = XCBuildConfiguration;
			buildSettings = {
				ASSETCATALOG_COMPILER_APPICON_NAME = AppIcon;
				COMBINE_HIDPI_IMAGES = YES;
				FRAMEWORK_SEARCH_PATHS = (
					"$(inherited)",
					"$(LOCAL_LIBRARY_DIR)/Frameworks",
					"$(PROJECT_DIR)",
				);
				GCC_PRECOMPILE_PREFIX_HEADER = YES;
				GCC_PREFIX_HEADER = "";
				HEADER_SEARCH_PATHS = (
					"$(inherited)",
					/Applications/Xcode.app/Contents/Developer/Toolchains/XcodeDefault.xctoolchain/usr/include,
					/Library/Frameworks/SDL2_image.framework/Versions/A/Headers,
					/Library/Frameworks/SDL2.framework/Versions/A/Headers,
					/Library/Frameworks/SDL2_mixer.framework/Versions/A/Headers,
				);
				INFOPLIST_FILE = "NYUCodebase/NYUCodebase-Info.plist";
				PRODUCT_NAME = "$(TARGET_NAME)";
				WRAPPER_EXTENSION = app;
			};
			name = Debug;
		};
		6D5A86DD19AE5C710066C1FD /* Release */ = {
			isa = XCBuildConfiguration;
			buildSettings = {
				ASSETCATALOG_COMPILER_APPICON_NAME = AppIcon;
				COMBINE_HIDPI_IMAGES = YES;
				FRAMEWORK_SEARCH_PATHS = (
					"$(inherited)",
					"$(LOCAL_LIBRARY_DIR)/Frameworks",
					"$(PROJECT_DIR)",
				);
				GCC_PRECOMPILE_PREFIX_HEADER = YES;
				GCC_PREFIX_HEADER = "";
				HEADER_SEARCH_PATHS = (
					"$(inherited)",
					/Applications/Xcode.app/Contents/Developer/Toolchains/XcodeDefault.xctoolchain/usr/include,
					/Library/Frameworks/SDL2_image.framework/Versions/A/Headers,
					/Library/Frameworks/SDL2.framework/Versions/A/Headers,
				);
				INFOPLIST_FILE = "NYUCodebase/NYUCodebase-Info.plist";
				PRODUCT_NAME = "$(TARGET_NAME)";
				WRAPPER_EXTENSION = app;
			};
			name = Release;
		};
/* End XCBuildConfiguration section */

/* Begin XCConfigurationList section */
		6D5A86A519AE5C710066C1FD /* Build configuration list for PBXProject "NYUCodebase" */ = {
			isa = XCConfigurationList;
			buildConfigurations = (
				6D5A86D919AE5C710066C1FD /* Debug */,
				6D5A86DA19AE5C710066C1FD /* Release */,
			);
			defaultConfigurationIsVisible = 0;
			defaultConfigurationName = Release;
		};
		6D5A86DB19AE5C710066C1FD /* Build configuration list for PBXNativeTarget "NYUCodebase" */ = {
			isa = XCConfigurationList;
			buildConfigurations = (
				6D5A86DC19AE5C710066C1FD /* Debug */,
				6D5A86DD19AE5C710066C1FD /* Release */,
			);
			defaultConfigurationIsVisible = 0;
			defaultConfigurationName = Release;
		};
/* End XCConfigurationList section */
	};
	rootObject = 6D5A86A219AE5C710066C1FD /* Project object */;
}
